
Microsoft Visual Studio Solution File, Format Version 12.00
# Visual Studio Version 17
VisualStudioVersion = 17.8.34525.116
MinimumVisualStudioVersion = 10.0.40219.1
Project("{2150E333-8FDC-42A3-9474-1A3956D46DE8}") = "1 - Services", "1 - Services", "{50BA4A03-7E27-47B1-A27F-3E29CAAFE6E3}"
EndProject
Project("{2150E333-8FDC-42A3-9474-1A3956D46DE8}") = "2 - Application", "2 - Application", "{C604B382-5CC5-4AF6-8C93-FAA5C603AA66}"
EndProject
Project("{2150E333-8FDC-42A3-9474-1A3956D46DE8}") = "3 - Domain", "3 - Domain", "{6E314E67-5C1E-46E9-91E9-DEF3918AFE28}"
EndProject
Project("{2150E333-8FDC-42A3-9474-1A3956D46DE8}") = "4 - Infra", "4 - Infra", "{4BB46780-9C3C-4FDC-A461-E85198473DEF}"
EndProject
Project("{2150E333-8FDC-42A3-9474-1A3956D46DE8}") = "5 - Tests", "5 - Tests", "{25DB78DF-CAA0-4431-9CAB-8C946A67B87F}"
EndProject
Project("{2150E333-8FDC-42A3-9474-1A3956D46DE8}") = "4.1 - Data", "4.1 - Data", "{E61320E5-3169-43B3-B979-C0DD72A33912}"
EndProject
Project("{2150E333-8FDC-42A3-9474-1A3956D46DE8}") = "4.2 - CrossCutting", "4.2 - CrossCutting", "{5937C5B8-1260-40BE-8506-63AA051B6971}"
EndProject
Project("{9A19103F-16F7-4668-BE54-9A1E7A4F7556}") = "CredutPay.Domain", "src\CredutPay.Domain\CredutPay.Domain.csproj", "{892584D3-0140-47D6-BCEE-189BAA1418B8}"
EndProject
Project("{9A19103F-16F7-4668-BE54-9A1E7A4F7556}") = "CredutPay.Domain.Core", "src\CredutPay.Domain.Core\CredutPay.Domain.Core.csproj", "{B8735591-17DC-4FC6-91E5-8B247C2B1C34}"
EndProject
Project("{9A19103F-16F7-4668-BE54-9A1E7A4F7556}") = "CredutPay.Services.API", "src\CredutPay.Services.API\CredutPay.Services.API.csproj", "{2B40AE63-1D6B-4D42-8497-17D0396AE924}"
EndProject
Project("{9A19103F-16F7-4668-BE54-9A1E7A4F7556}") = "CredutPay.Infra.Data", "src\CredutPay.Infra.Data\CredutPay.Infra.Data.csproj", "{DAC3687E-6CC3-4E6F-987C-9F77BEA9A902}"
EndProject
Project("{9A19103F-16F7-4668-BE54-9A1E7A4F7556}") = "CredutPay.CrossCutting.Bus", "src\CredutPay.CrossCutting.Bus\CredutPay.CrossCutting.Bus.csproj", "{385CBD7F-8A7D-4DB8-B42A-D0D7FDB9F59D}"
EndProject
Project("{9A19103F-16F7-4668-BE54-9A1E7A4F7556}") = "CredutPay.CrossCutting.Identity", "src\CredutPay.CrossCutting.Identity\CredutPay.CrossCutting.Identity.csproj", "{7A933863-42F4-4127-B150-1556E37CB081}"
EndProject
Project("{9A19103F-16F7-4668-BE54-9A1E7A4F7556}") = "CredutPay.CrossCutting.IoC", "src\CredutPay.CrossCutting.IoC\CredutPay.CrossCutting.IoC.csproj", "{00840275-D050-414B-9742-B30E5D41BAD9}"
EndProject
Project("{9A19103F-16F7-4668-BE54-9A1E7A4F7556}") = "CredutPay.Tests.FakeData", "tests\CredutPay.Tests.FakeData\CredutPay.Tests.FakeData.csproj", "{EA0B4865-1322-448C-A1AE-CE87AB774594}"
EndProject
Project("{9A19103F-16F7-4668-BE54-9A1E7A4F7556}") = "CredutPay.Tests.Application", "tests\CredutPay.Tests.Application\CredutPay.Tests.Application.csproj", "{03BA4118-10CA-4B70-8727-7D1E7DA44518}"
EndProject
Project("{2150E333-8FDC-42A3-9474-1A3956D46DE8}") = "5.1 - FakeData", "5.1 - FakeData", "{5F4EA87D-153E-47AE-9FFC-AAE829615934}"
EndProject
Project("{9A19103F-16F7-4668-BE54-9A1E7A4F7556}") = "CredutPay.Application", "src\CredutPay.Application\CredutPay.Application.csproj", "{97D20D3E-B308-4D8D-9EF1-128893F7CBA8}"
EndProject
Project("{9A19103F-16F7-4668-BE54-9A1E7A4F7556}") = "CredutPay.Tests.Services.API", "tests\CredutPay.Tests.Services.API\CredutPay.Tests.Services.API.csproj", "{39C0DAD5-E868-4379-BA43-222B79556293}"
EndProject
Project("{E53339B2-1760-4266-BCC7-CA923CBCF16C}") = "docker-compose", "docker-compose.dcproj", "{931D136A-CB4D-48E5-B02D-9E7EB6B7539B}"
EndProject
Global
	GlobalSection(SolutionConfigurationPlatforms) = preSolution
		Debug|Any CPU = Debug|Any CPU
		Release|Any CPU = Release|Any CPU
	EndGlobalSection
	GlobalSection(ProjectConfigurationPlatforms) = postSolution
		{892584D3-0140-47D6-BCEE-189BAA1418B8}.Debug|Any CPU.ActiveCfg = Debug|Any CPU
		{892584D3-0140-47D6-BCEE-189BAA1418B8}.Debug|Any CPU.Build.0 = Debug|Any CPU
		{892584D3-0140-47D6-BCEE-189BAA1418B8}.Release|Any CPU.ActiveCfg = Release|Any CPU
		{892584D3-0140-47D6-BCEE-189BAA1418B8}.Release|Any CPU.Build.0 = Release|Any CPU
		{B8735591-17DC-4FC6-91E5-8B247C2B1C34}.Debug|Any CPU.ActiveCfg = Debug|Any CPU
		{B8735591-17DC-4FC6-91E5-8B247C2B1C34}.Debug|Any CPU.Build.0 = Debug|Any CPU
		{B8735591-17DC-4FC6-91E5-8B247C2B1C34}.Release|Any CPU.ActiveCfg = Release|Any CPU
		{B8735591-17DC-4FC6-91E5-8B247C2B1C34}.Release|Any CPU.Build.0 = Release|Any CPU
		{2B40AE63-1D6B-4D42-8497-17D0396AE924}.Debug|Any CPU.ActiveCfg = Debug|Any CPU
		{2B40AE63-1D6B-4D42-8497-17D0396AE924}.Debug|Any CPU.Build.0 = Debug|Any CPU
		{2B40AE63-1D6B-4D42-8497-17D0396AE924}.Release|Any CPU.ActiveCfg = Release|Any CPU
		{2B40AE63-1D6B-4D42-8497-17D0396AE924}.Release|Any CPU.Build.0 = Release|Any CPU
		{DAC3687E-6CC3-4E6F-987C-9F77BEA9A902}.Debug|Any CPU.ActiveCfg = Debug|Any CPU
		{DAC3687E-6CC3-4E6F-987C-9F77BEA9A902}.Debug|Any CPU.Build.0 = Debug|Any CPU
		{DAC3687E-6CC3-4E6F-987C-9F77BEA9A902}.Release|Any CPU.ActiveCfg = Release|Any CPU
		{DAC3687E-6CC3-4E6F-987C-9F77BEA9A902}.Release|Any CPU.Build.0 = Release|Any CPU
		{385CBD7F-8A7D-4DB8-B42A-D0D7FDB9F59D}.Debug|Any CPU.ActiveCfg = Debug|Any CPU
		{385CBD7F-8A7D-4DB8-B42A-D0D7FDB9F59D}.Debug|Any CPU.Build.0 = Debug|Any CPU
		{385CBD7F-8A7D-4DB8-B42A-D0D7FDB9F59D}.Release|Any CPU.ActiveCfg = Release|Any CPU
		{385CBD7F-8A7D-4DB8-B42A-D0D7FDB9F59D}.Release|Any CPU.Build.0 = Release|Any CPU
		{7A933863-42F4-4127-B150-1556E37CB081}.Debug|Any CPU.ActiveCfg = Debug|Any CPU
		{7A933863-42F4-4127-B150-1556E37CB081}.Debug|Any CPU.Build.0 = Debug|Any CPU
		{7A933863-42F4-4127-B150-1556E37CB081}.Release|Any CPU.ActiveCfg = Release|Any CPU
		{7A933863-42F4-4127-B150-1556E37CB081}.Release|Any CPU.Build.0 = Release|Any CPU
		{00840275-D050-414B-9742-B30E5D41BAD9}.Debug|Any CPU.ActiveCfg = Debug|Any CPU
		{00840275-D050-414B-9742-B30E5D41BAD9}.Debug|Any CPU.Build.0 = Debug|Any CPU
		{00840275-D050-414B-9742-B30E5D41BAD9}.Release|Any CPU.ActiveCfg = Release|Any CPU
		{00840275-D050-414B-9742-B30E5D41BAD9}.Release|Any CPU.Build.0 = Release|Any CPU
		{EA0B4865-1322-448C-A1AE-CE87AB774594}.Debug|Any CPU.ActiveCfg = Debug|Any CPU
		{EA0B4865-1322-448C-A1AE-CE87AB774594}.Debug|Any CPU.Build.0 = Debug|Any CPU
		{EA0B4865-1322-448C-A1AE-CE87AB774594}.Release|Any CPU.ActiveCfg = Release|Any CPU
		{EA0B4865-1322-448C-A1AE-CE87AB774594}.Release|Any CPU.Build.0 = Release|Any CPU
		{03BA4118-10CA-4B70-8727-7D1E7DA44518}.Debug|Any CPU.ActiveCfg = Debug|Any CPU
		{03BA4118-10CA-4B70-8727-7D1E7DA44518}.Debug|Any CPU.Build.0 = Debug|Any CPU
		{03BA4118-10CA-4B70-8727-7D1E7DA44518}.Release|Any CPU.ActiveCfg = Release|Any CPU
		{03BA4118-10CA-4B70-8727-7D1E7DA44518}.Release|Any CPU.Build.0 = Release|Any CPU
		{97D20D3E-B308-4D8D-9EF1-128893F7CBA8}.Debug|Any CPU.ActiveCfg = Debug|Any CPU
		{97D20D3E-B308-4D8D-9EF1-128893F7CBA8}.Debug|Any CPU.Build.0 = Debug|Any CPU
		{97D20D3E-B308-4D8D-9EF1-128893F7CBA8}.Release|Any CPU.ActiveCfg = Release|Any CPU
		{97D20D3E-B308-4D8D-9EF1-128893F7CBA8}.Release|Any CPU.Build.0 = Release|Any CPU
		{39C0DAD5-E868-4379-BA43-222B79556293}.Debug|Any CPU.ActiveCfg = Debug|Any CPU
		{39C0DAD5-E868-4379-BA43-222B79556293}.Debug|Any CPU.Build.0 = Debug|Any CPU
		{39C0DAD5-E868-4379-BA43-222B79556293}.Release|Any CPU.ActiveCfg = Release|Any CPU
		{39C0DAD5-E868-4379-BA43-222B79556293}.Release|Any CPU.Build.0 = Release|Any CPU
		{931D136A-CB4D-48E5-B02D-9E7EB6B7539B}.Debug|Any CPU.ActiveCfg = Debug|Any CPU
		{931D136A-CB4D-48E5-B02D-9E7EB6B7539B}.Debug|Any CPU.Build.0 = Debug|Any CPU
		{931D136A-CB4D-48E5-B02D-9E7EB6B7539B}.Release|Any CPU.ActiveCfg = Release|Any CPU
		{931D136A-CB4D-48E5-B02D-9E7EB6B7539B}.Release|Any CPU.Build.0 = Release|Any CPU
	EndGlobalSection
	GlobalSection(SolutionProperties) = preSolution
		HideSolutionNode = FALSE
	EndGlobalSection
	GlobalSection(NestedProjects) = preSolution
		{E61320E5-3169-43B3-B979-C0DD72A33912} = {4BB46780-9C3C-4FDC-A461-E85198473DEF}
		{5937C5B8-1260-40BE-8506-63AA051B6971} = {4BB46780-9C3C-4FDC-A461-E85198473DEF}
		{892584D3-0140-47D6-BCEE-189BAA1418B8} = {6E314E67-5C1E-46E9-91E9-DEF3918AFE28}
		{B8735591-17DC-4FC6-91E5-8B247C2B1C34} = {6E314E67-5C1E-46E9-91E9-DEF3918AFE28}
		{2B40AE63-1D6B-4D42-8497-17D0396AE924} = {50BA4A03-7E27-47B1-A27F-3E29CAAFE6E3}
		{DAC3687E-6CC3-4E6F-987C-9F77BEA9A902} = {E61320E5-3169-43B3-B979-C0DD72A33912}
		{385CBD7F-8A7D-4DB8-B42A-D0D7FDB9F59D} = {5937C5B8-1260-40BE-8506-63AA051B6971}
		{7A933863-42F4-4127-B150-1556E37CB081} = {5937C5B8-1260-40BE-8506-63AA051B6971}
		{00840275-D050-414B-9742-B30E5D41BAD9} = {5937C5B8-1260-40BE-8506-63AA051B6971}
		{EA0B4865-1322-448C-A1AE-CE87AB774594} = {5F4EA87D-153E-47AE-9FFC-AAE829615934}
		{03BA4118-10CA-4B70-8727-7D1E7DA44518} = {25DB78DF-CAA0-4431-9CAB-8C946A67B87F}
		{5F4EA87D-153E-47AE-9FFC-AAE829615934} = {25DB78DF-CAA0-4431-9CAB-8C946A67B87F}
		{97D20D3E-B308-4D8D-9EF1-128893F7CBA8} = {C604B382-5CC5-4AF6-8C93-FAA5C603AA66}
		{39C0DAD5-E868-4379-BA43-222B79556293} = {25DB78DF-CAA0-4431-9CAB-8C946A67B87F}
	EndGlobalSection
	GlobalSection(ExtensibilityGlobals) = postSolution
		SolutionGuid = {DA9CF52B-F7F2-4CEF-8383-6DE20818D51A}
	EndGlobalSection
EndGlobal
